
Microsoft Visual Studio Solution File, Format Version 12.00
# Visual Studio Version 16
VisualStudioVersion = 16.0.30621.155
MinimumVisualStudioVersion = 10.0.40219.1
Project("{9A19103F-16F7-4668-BE54-9A1E7A4F7556}") = "strategy", "strategy.csproj", "{B2867989-BBB1-416C-9007-9272357B6984}"
EndProject
Global
	GlobalSection(SolutionConfigurationPlatforms) = preSolution
		Debug|Any CPU = Debug|Any CPU
		Release|Any CPU = Release|Any CPU
	EndGlobalSection
	GlobalSection(ProjectConfigurationPlatforms) = postSolution
		{B2867989-BBB1-416C-9007-9272357B6984}.Debug|Any CPU.ActiveCfg = Debug|Any CPU
		{B2867989-BBB1-416C-9007-9272357B6984}.Debug|Any CPU.Build.0 = Debug|Any CPU
		{B2867989-BBB1-416C-9007-9272357B6984}.Release|Any CPU.ActiveCfg = Release|Any CPU
		{B2867989-BBB1-416C-9007-9272357B6984}.Release|Any CPU.Build.0 = Release|Any CPU
	EndGlobalSection
	GlobalSection(SolutionProperties) = preSolution
		HideSolutionNode = FALSE
	EndGlobalSection
	GlobalSection(ExtensibilityGlobals) = postSolution
		SolutionGuid = {B7F135A8-A116-488E-BB17-60A863E6C958}
	EndGlobalSection
EndGlobal
